
Microsoft Visual Studio Solution File, Format Version 12.00
Project("{FAE04EC0-301F-11D3-BF4B-00C04F79EFBC}") = "Qbe", "Qbe.csproj", "{CAF14C62-ED75-4ECC-A547-07FB69474AEC}"
EndProject
Global
	GlobalSection(SolutionConfigurationPlatforms) = preSolution
		Debug|Any CPU = Debug|Any CPU
		Release|Any CPU = Release|Any CPU
	EndGlobalSection
	GlobalSection(ProjectConfigurationPlatforms) = postSolution
		{CAF14C62-ED75-4ECC-A547-07FB69474AEC}.Debug|Any CPU.ActiveCfg = Debug|Any CPU
		{CAF14C62-ED75-4ECC-A547-07FB69474AEC}.Debug|Any CPU.Build.0 = Debug|Any CPU
		{CAF14C62-ED75-4ECC-A547-07FB69474AEC}.Release|Any CPU.ActiveCfg = Release|Any CPU
		{CAF14C62-ED75-4ECC-A547-07FB69474AEC}.Release|Any CPU.Build.0 = Release|Any CPU
	EndGlobalSection
EndGlobal
